
Microsoft Visual Studio Solution File, Format Version 12.00
# Visual Studio Version 16
VisualStudioVersion = 16.0.31624.102
MinimumVisualStudioVersion = 10.0.40219.1
Project("{FAE04EC0-301F-11D3-BF4B-00C04F79EFBC}") = "Interprete-v1", "Interprete-v1.csproj", "{83606F33-A772-4232-903D-BAF2F8E8C079}"
EndProject
Global
	GlobalSection(SolutionConfigurationPlatforms) = preSolution
		Debug|Any CPU = Debug|Any CPU
		Release|Any CPU = Release|Any CPU
	EndGlobalSection
	GlobalSection(ProjectConfigurationPlatforms) = postSolution
		{83606F33-A772-4232-903D-BAF2F8E8C079}.Debug|Any CPU.ActiveCfg = Debug|Any CPU
		{83606F33-A772-4232-903D-BAF2F8E8C079}.Debug|Any CPU.Build.0 = Debug|Any CPU
		{83606F33-A772-4232-903D-BAF2F8E8C079}.Release|Any CPU.ActiveCfg = Release|Any CPU
		{83606F33-A772-4232-903D-BAF2F8E8C079}.Release|Any CPU.Build.0 = Release|Any CPU
	EndGlobalSection
	GlobalSection(SolutionProperties) = preSolution
		HideSolutionNode = FALSE
	EndGlobalSection
	GlobalSection(ExtensibilityGlobals) = postSolution
		SolutionGuid = {D8B34597-48DF-40E8-AEA9-08F48E9BCA44}
	EndGlobalSection
EndGlobal
